
Microsoft Visual Studio Solution File, Format Version 12.00
# Visual Studio Version 17
VisualStudioVersion = 17.2.32408.312
MinimumVisualStudioVersion = 10.0.40219.1
Project("{FAE04EC0-301F-11D3-BF4B-00C04F79EFBC}") = "Singleton_Pattern", "Singleton_Pattern\Singleton_Pattern.csproj", "{6A808A45-CE0D-4342-B45F-FE7E534E627E}"
EndProject
Project("{FAE04EC0-301F-11D3-BF4B-00C04F79EFBC}") = "Abstract_Factory_Pattern", "Abstract_Factory_Pattern\Abstract_Factory_Pattern.csproj", "{67AE8B9E-63C2-4E62-9276-38EF4FA9C3E7}"
EndProject
Project("{FAE04EC0-301F-11D3-BF4B-00C04F79EFBC}") = "Builder_Pattern", "Builder_Pattern\Builder_Pattern.csproj", "{8FA1FF53-E50F-409B-AF7E-6F3CBBE34256}"
EndProject
Project("{FAE04EC0-301F-11D3-BF4B-00C04F79EFBC}") = "FactoryMethod_Pattern", "FactoryMethod_Pattern\FactoryMethod_Pattern.csproj", "{946DCCA9-FF05-4406-AB68-8C85B9FCAA9F}"
EndProject
Project("{FAE04EC0-301F-11D3-BF4B-00C04F79EFBC}") = "Prototype_Pattern", "Prototype_Pattern\Prototype_Pattern.csproj", "{F2E5B7AD-DD3D-41AF-94F4-C41859013745}"
EndProject
Project("{FAE04EC0-301F-11D3-BF4B-00C04F79EFBC}") = "Adapter_Pattern", "Adapter_Pattern\Adapter_Pattern.csproj", "{B3A5CEF6-87E8-4812-B1BD-CA10D9450B0F}"
EndProject
Project("{2150E333-8FDC-42A3-9474-1A3956D46DE8}") = "Creational_Patterns", "Creational_Patterns", "{BD836501-B04E-433B-858B-596C8E863510}"
EndProject
Project("{2150E333-8FDC-42A3-9474-1A3956D46DE8}") = "Structural_Patterns", "Structural_Patterns", "{CC0FD4B8-23F5-407D-9F26-C23A02A05FAF}"
EndProject
Project("{FAE04EC0-301F-11D3-BF4B-00C04F79EFBC}") = "Bridge_Pattern", "Bridge_Pattern\Bridge_Pattern.csproj", "{CA85E377-5A51-4A8A-9E9E-C3B227697158}"
EndProject
Project("{FAE04EC0-301F-11D3-BF4B-00C04F79EFBC}") = "Composite_Pattern", "Composite_Pattern\Composite_Pattern.csproj", "{863787B4-0A3C-442A-9FA1-514C6770B2D3}"
EndProject
Global
	GlobalSection(SolutionConfigurationPlatforms) = preSolution
		Debug|Any CPU = Debug|Any CPU
		Release|Any CPU = Release|Any CPU
	EndGlobalSection
	GlobalSection(ProjectConfigurationPlatforms) = postSolution
		{6A808A45-CE0D-4342-B45F-FE7E534E627E}.Debug|Any CPU.ActiveCfg = Debug|Any CPU
		{6A808A45-CE0D-4342-B45F-FE7E534E627E}.Debug|Any CPU.Build.0 = Debug|Any CPU
		{6A808A45-CE0D-4342-B45F-FE7E534E627E}.Release|Any CPU.ActiveCfg = Release|Any CPU
		{6A808A45-CE0D-4342-B45F-FE7E534E627E}.Release|Any CPU.Build.0 = Release|Any CPU
		{67AE8B9E-63C2-4E62-9276-38EF4FA9C3E7}.Debug|Any CPU.ActiveCfg = Debug|Any CPU
		{67AE8B9E-63C2-4E62-9276-38EF4FA9C3E7}.Debug|Any CPU.Build.0 = Debug|Any CPU
		{67AE8B9E-63C2-4E62-9276-38EF4FA9C3E7}.Release|Any CPU.ActiveCfg = Release|Any CPU
		{67AE8B9E-63C2-4E62-9276-38EF4FA9C3E7}.Release|Any CPU.Build.0 = Release|Any CPU
		{8FA1FF53-E50F-409B-AF7E-6F3CBBE34256}.Debug|Any CPU.ActiveCfg = Debug|Any CPU
		{8FA1FF53-E50F-409B-AF7E-6F3CBBE34256}.Debug|Any CPU.Build.0 = Debug|Any CPU
		{8FA1FF53-E50F-409B-AF7E-6F3CBBE34256}.Release|Any CPU.ActiveCfg = Release|Any CPU
		{8FA1FF53-E50F-409B-AF7E-6F3CBBE34256}.Release|Any CPU.Build.0 = Release|Any CPU
		{946DCCA9-FF05-4406-AB68-8C85B9FCAA9F}.Debug|Any CPU.ActiveCfg = Debug|Any CPU
		{946DCCA9-FF05-4406-AB68-8C85B9FCAA9F}.Debug|Any CPU.Build.0 = Debug|Any CPU
		{946DCCA9-FF05-4406-AB68-8C85B9FCAA9F}.Release|Any CPU.ActiveCfg = Release|Any CPU
		{946DCCA9-FF05-4406-AB68-8C85B9FCAA9F}.Release|Any CPU.Build.0 = Release|Any CPU
		{F2E5B7AD-DD3D-41AF-94F4-C41859013745}.Debug|Any CPU.ActiveCfg = Debug|Any CPU
		{F2E5B7AD-DD3D-41AF-94F4-C41859013745}.Debug|Any CPU.Build.0 = Debug|Any CPU
		{F2E5B7AD-DD3D-41AF-94F4-C41859013745}.Release|Any CPU.ActiveCfg = Release|Any CPU
		{F2E5B7AD-DD3D-41AF-94F4-C41859013745}.Release|Any CPU.Build.0 = Release|Any CPU
		{B3A5CEF6-87E8-4812-B1BD-CA10D9450B0F}.Debug|Any CPU.ActiveCfg = Debug|Any CPU
		{B3A5CEF6-87E8-4812-B1BD-CA10D9450B0F}.Debug|Any CPU.Build.0 = Debug|Any CPU
		{B3A5CEF6-87E8-4812-B1BD-CA10D9450B0F}.Release|Any CPU.ActiveCfg = Release|Any CPU
		{B3A5CEF6-87E8-4812-B1BD-CA10D9450B0F}.Release|Any CPU.Build.0 = Release|Any CPU
		{CA85E377-5A51-4A8A-9E9E-C3B227697158}.Debug|Any CPU.ActiveCfg = Debug|Any CPU
		{CA85E377-5A51-4A8A-9E9E-C3B227697158}.Debug|Any CPU.Build.0 = Debug|Any CPU
		{CA85E377-5A51-4A8A-9E9E-C3B227697158}.Release|Any CPU.ActiveCfg = Release|Any CPU
		{CA85E377-5A51-4A8A-9E9E-C3B227697158}.Release|Any CPU.Build.0 = Release|Any CPU
		{863787B4-0A3C-442A-9FA1-514C6770B2D3}.Debug|Any CPU.ActiveCfg = Debug|Any CPU
		{863787B4-0A3C-442A-9FA1-514C6770B2D3}.Debug|Any CPU.Build.0 = Debug|Any CPU
		{863787B4-0A3C-442A-9FA1-514C6770B2D3}.Release|Any CPU.ActiveCfg = Release|Any CPU
		{863787B4-0A3C-442A-9FA1-514C6770B2D3}.Release|Any CPU.Build.0 = Release|Any CPU
	EndGlobalSection
	GlobalSection(SolutionProperties) = preSolution
		HideSolutionNode = FALSE
	EndGlobalSection
	GlobalSection(NestedProjects) = preSolution
		{6A808A45-CE0D-4342-B45F-FE7E534E627E} = {BD836501-B04E-433B-858B-596C8E863510}
		{67AE8B9E-63C2-4E62-9276-38EF4FA9C3E7} = {BD836501-B04E-433B-858B-596C8E863510}
		{8FA1FF53-E50F-409B-AF7E-6F3CBBE34256} = {BD836501-B04E-433B-858B-596C8E863510}
		{946DCCA9-FF05-4406-AB68-8C85B9FCAA9F} = {BD836501-B04E-433B-858B-596C8E863510}
		{F2E5B7AD-DD3D-41AF-94F4-C41859013745} = {BD836501-B04E-433B-858B-596C8E863510}
		{B3A5CEF6-87E8-4812-B1BD-CA10D9450B0F} = {CC0FD4B8-23F5-407D-9F26-C23A02A05FAF}
		{CA85E377-5A51-4A8A-9E9E-C3B227697158} = {CC0FD4B8-23F5-407D-9F26-C23A02A05FAF}
		{863787B4-0A3C-442A-9FA1-514C6770B2D3} = {CC0FD4B8-23F5-407D-9F26-C23A02A05FAF}
	EndGlobalSection
	GlobalSection(ExtensibilityGlobals) = postSolution
		SolutionGuid = {3F9822E6-A907-45FF-86C0-1264ACBD6BB6}
	EndGlobalSection
EndGlobal
