
Microsoft Visual Studio Solution File, Format Version 12.00
# Visual Studio Version 17
VisualStudioVersion = 17.2.32408.312
MinimumVisualStudioVersion = 10.0.40219.1
Project("{FAE04EC0-301F-11D3-BF4B-00C04F79EFBC}") = "Singleton_Demo", "Singleton_Demo\Singleton_Demo.csproj", "{6A808A45-CE0D-4342-B45F-FE7E534E627E}"
EndProject
Global
	GlobalSection(SolutionConfigurationPlatforms) = preSolution
		Debug|Any CPU = Debug|Any CPU
		Release|Any CPU = Release|Any CPU
	EndGlobalSection
	GlobalSection(ProjectConfigurationPlatforms) = postSolution
		{6A808A45-CE0D-4342-B45F-FE7E534E627E}.Debug|Any CPU.ActiveCfg = Debug|Any CPU
		{6A808A45-CE0D-4342-B45F-FE7E534E627E}.Debug|Any CPU.Build.0 = Debug|Any CPU
		{6A808A45-CE0D-4342-B45F-FE7E534E627E}.Release|Any CPU.ActiveCfg = Release|Any CPU
		{6A808A45-CE0D-4342-B45F-FE7E534E627E}.Release|Any CPU.Build.0 = Release|Any CPU
	EndGlobalSection
	GlobalSection(SolutionProperties) = preSolution
		HideSolutionNode = FALSE
	EndGlobalSection
	GlobalSection(ExtensibilityGlobals) = postSolution
		SolutionGuid = {3F9822E6-A907-45FF-86C0-1264ACBD6BB6}
	EndGlobalSection
EndGlobal
